
Microsoft Visual Studio Solution File, Format Version 12.00
# Visual Studio 15
VisualStudioVersion = 15.0.28307.271
MinimumVisualStudioVersion = 10.0.40219.1
Project("{9A19103F-16F7-4668-BE54-9A1E7A4F7556}") = "ConvertVideoJob.Web", "ConvertVideoJob.Web\ConvertVideoJob.Web.csproj", "{162FC526-4296-455B-AE8F-755FF0A06206}"
EndProject
Project("{9A19103F-16F7-4668-BE54-9A1E7A4F7556}") = "ConvertVideoJob.Service", "ConvertVideoJob.Service\ConvertVideoJob.Service.csproj", "{561403ED-5188-4386-B85D-100A495E18A1}"
EndProject
Project("{9A19103F-16F7-4668-BE54-9A1E7A4F7556}") = "ConvertVideoJob.IService", "ConvertVideoJob.IService\ConvertVideoJob.IService.csproj", "{6D02C34F-B721-47DB-9E99-D8BAA448CA8C}"
EndProject
Project("{FAE04EC0-301F-11D3-BF4B-00C04F79EFBC}") = "ConvertVideoJob.Model", "ConvertVideoJob.Model\ConvertVideoJob.Model.csproj", "{A59D95C8-6214-448B-AC9C-C1A43555876B}"
EndProject
Global
	GlobalSection(SolutionConfigurationPlatforms) = preSolution
		Debug|Any CPU = Debug|Any CPU
		Release|Any CPU = Release|Any CPU
	EndGlobalSection
	GlobalSection(ProjectConfigurationPlatforms) = postSolution
		{162FC526-4296-455B-AE8F-755FF0A06206}.Debug|Any CPU.ActiveCfg = Debug|Any CPU
		{162FC526-4296-455B-AE8F-755FF0A06206}.Debug|Any CPU.Build.0 = Debug|Any CPU
		{162FC526-4296-455B-AE8F-755FF0A06206}.Release|Any CPU.ActiveCfg = Release|Any CPU
		{162FC526-4296-455B-AE8F-755FF0A06206}.Release|Any CPU.Build.0 = Release|Any CPU
		{561403ED-5188-4386-B85D-100A495E18A1}.Debug|Any CPU.ActiveCfg = Debug|Any CPU
		{561403ED-5188-4386-B85D-100A495E18A1}.Debug|Any CPU.Build.0 = Debug|Any CPU
		{561403ED-5188-4386-B85D-100A495E18A1}.Release|Any CPU.ActiveCfg = Release|Any CPU
		{561403ED-5188-4386-B85D-100A495E18A1}.Release|Any CPU.Build.0 = Release|Any CPU
		{6D02C34F-B721-47DB-9E99-D8BAA448CA8C}.Debug|Any CPU.ActiveCfg = Debug|Any CPU
		{6D02C34F-B721-47DB-9E99-D8BAA448CA8C}.Debug|Any CPU.Build.0 = Debug|Any CPU
		{6D02C34F-B721-47DB-9E99-D8BAA448CA8C}.Release|Any CPU.ActiveCfg = Release|Any CPU
		{6D02C34F-B721-47DB-9E99-D8BAA448CA8C}.Release|Any CPU.Build.0 = Release|Any CPU
		{A59D95C8-6214-448B-AC9C-C1A43555876B}.Debug|Any CPU.ActiveCfg = Debug|Any CPU
		{A59D95C8-6214-448B-AC9C-C1A43555876B}.Debug|Any CPU.Build.0 = Debug|Any CPU
		{A59D95C8-6214-448B-AC9C-C1A43555876B}.Release|Any CPU.ActiveCfg = Release|Any CPU
		{A59D95C8-6214-448B-AC9C-C1A43555876B}.Release|Any CPU.Build.0 = Release|Any CPU
	EndGlobalSection
	GlobalSection(SolutionProperties) = preSolution
		HideSolutionNode = FALSE
	EndGlobalSection
	GlobalSection(ExtensibilityGlobals) = postSolution
		SolutionGuid = {75E07BD7-4424-4A3D-8540-73A0FCB14AF7}
	EndGlobalSection
EndGlobal
